
Microsoft Visual Studio Solution File, Format Version 12.00
# Visual Studio Version 17
VisualStudioVersion = 17.5.33627.172
MinimumVisualStudioVersion = 10.0.40219.1
Project("{9A19103F-16F7-4668-BE54-9A1E7A4F7556}") = "BC2023.HostedApp.Server", "Server\BC2023.HostedApp.Server.csproj", "{29BA2AB2-6A4C-412F-8B99-E02524F07ECB}"
EndProject
Project("{9A19103F-16F7-4668-BE54-9A1E7A4F7556}") = "BC2023.HostedApp.Client", "Client\BC2023.HostedApp.Client.csproj", "{A564ADDF-496D-4A36-ABE8-407A0725F947}"
EndProject
Global
	GlobalSection(SolutionConfigurationPlatforms) = preSolution
		Debug|Any CPU = Debug|Any CPU
		Release|Any CPU = Release|Any CPU
	EndGlobalSection
	GlobalSection(ProjectConfigurationPlatforms) = postSolution
		{17B3F85E-408B-4FD9-8099-157D77524336}.Debug|Any CPU.ActiveCfg = Debug|Any CPU
		{17B3F85E-408B-4FD9-8099-157D77524336}.Debug|Any CPU.Build.0 = Debug|Any CPU
		{17B3F85E-408B-4FD9-8099-157D77524336}.Release|Any CPU.ActiveCfg = Release|Any CPU
		{17B3F85E-408B-4FD9-8099-157D77524336}.Release|Any CPU.Build.0 = Release|Any CPU
		{F6EFD938-B15B-4726-9F2D-80451968EEC5}.Debug|Any CPU.ActiveCfg = Debug|Any CPU
		{F6EFD938-B15B-4726-9F2D-80451968EEC5}.Debug|Any CPU.Build.0 = Debug|Any CPU
		{F6EFD938-B15B-4726-9F2D-80451968EEC5}.Release|Any CPU.ActiveCfg = Release|Any CPU
		{F6EFD938-B15B-4726-9F2D-80451968EEC5}.Release|Any CPU.Build.0 = Release|Any CPU
		{29BA2AB2-6A4C-412F-8B99-E02524F07ECB}.Debug|Any CPU.ActiveCfg = Debug|Any CPU
		{29BA2AB2-6A4C-412F-8B99-E02524F07ECB}.Debug|Any CPU.Build.0 = Debug|Any CPU
		{29BA2AB2-6A4C-412F-8B99-E02524F07ECB}.Release|Any CPU.ActiveCfg = Release|Any CPU
		{29BA2AB2-6A4C-412F-8B99-E02524F07ECB}.Release|Any CPU.Build.0 = Release|Any CPU
		{A564ADDF-496D-4A36-ABE8-407A0725F947}.Debug|Any CPU.ActiveCfg = Debug|Any CPU
		{A564ADDF-496D-4A36-ABE8-407A0725F947}.Debug|Any CPU.Build.0 = Debug|Any CPU
		{A564ADDF-496D-4A36-ABE8-407A0725F947}.Release|Any CPU.ActiveCfg = Release|Any CPU
		{A564ADDF-496D-4A36-ABE8-407A0725F947}.Release|Any CPU.Build.0 = Release|Any CPU
		{8A5E3C10-3710-4822-9B9B-6AD65E1BA4D6}.Debug|Any CPU.ActiveCfg = Debug|Any CPU
		{8A5E3C10-3710-4822-9B9B-6AD65E1BA4D6}.Debug|Any CPU.Build.0 = Debug|Any CPU
		{8A5E3C10-3710-4822-9B9B-6AD65E1BA4D6}.Release|Any CPU.ActiveCfg = Release|Any CPU
		{8A5E3C10-3710-4822-9B9B-6AD65E1BA4D6}.Release|Any CPU.Build.0 = Release|Any CPU
		{479C4098-884C-4D3D-907F-E042FB3AC67E}.Debug|Any CPU.ActiveCfg = Debug|Any CPU
		{479C4098-884C-4D3D-907F-E042FB3AC67E}.Debug|Any CPU.Build.0 = Debug|Any CPU
		{479C4098-884C-4D3D-907F-E042FB3AC67E}.Release|Any CPU.ActiveCfg = Release|Any CPU
		{479C4098-884C-4D3D-907F-E042FB3AC67E}.Release|Any CPU.Build.0 = Release|Any CPU
		{EECA7ADD-A3C2-45E3-822D-4F2820E46FA6}.Debug|Any CPU.ActiveCfg = Debug|Any CPU
		{EECA7ADD-A3C2-45E3-822D-4F2820E46FA6}.Debug|Any CPU.Build.0 = Debug|Any CPU
		{EECA7ADD-A3C2-45E3-822D-4F2820E46FA6}.Release|Any CPU.ActiveCfg = Release|Any CPU
		{EECA7ADD-A3C2-45E3-822D-4F2820E46FA6}.Release|Any CPU.Build.0 = Release|Any CPU
	EndGlobalSection
	GlobalSection(SolutionProperties) = preSolution
		HideSolutionNode = FALSE
	EndGlobalSection
	GlobalSection(NestedProjects) = preSolution
		{17B3F85E-408B-4FD9-8099-157D77524336} = {707AE7C8-E5E9-4580-956C-2ECE6EB5AAD7}
		{F6EFD938-B15B-4726-9F2D-80451968EEC5} = {707AE7C8-E5E9-4580-956C-2ECE6EB5AAD7}
		{29BA2AB2-6A4C-412F-8B99-E02524F07ECB} = {C7B16F5F-EF73-4A9B-AA6C-6638E7C68CC3}
		{A564ADDF-496D-4A36-ABE8-407A0725F947} = {C7B16F5F-EF73-4A9B-AA6C-6638E7C68CC3}
		{8A5E3C10-3710-4822-9B9B-6AD65E1BA4D6} = {08682671-DBF9-4EE6-8BA4-41B68D36DB93}
		{479C4098-884C-4D3D-907F-E042FB3AC67E} = {08682671-DBF9-4EE6-8BA4-41B68D36DB93}
		{EECA7ADD-A3C2-45E3-822D-4F2820E46FA6} = {08682671-DBF9-4EE6-8BA4-41B68D36DB93}
	EndGlobalSection
	GlobalSection(ExtensibilityGlobals) = postSolution
		SolutionGuid = {C10B8CCA-4962-4A5B-9C00-67A17B624526}
	EndGlobalSection
EndGlobal
