
Microsoft Visual Studio Solution File, Format Version 12.00
# Visual Studio Version 17
VisualStudioVersion = 17.8.34322.80
MinimumVisualStudioVersion = 10.0.40219.1
Project("{FAE04EC0-301F-11D3-BF4B-00C04F79EFBC}") = "EF8", "EF8\EF8.csproj", "{8D3C69EF-3620-4316-BDBD-441578932AEF}"
EndProject
Global
	GlobalSection(SolutionConfigurationPlatforms) = preSolution
		Debug|Any CPU = Debug|Any CPU
		Release|Any CPU = Release|Any CPU
	EndGlobalSection
	GlobalSection(ProjectConfigurationPlatforms) = postSolution
		{8D3C69EF-3620-4316-BDBD-441578932AEF}.Debug|Any CPU.ActiveCfg = Debug|Any CPU
		{8D3C69EF-3620-4316-BDBD-441578932AEF}.Debug|Any CPU.Build.0 = Debug|Any CPU
		{8D3C69EF-3620-4316-BDBD-441578932AEF}.Release|Any CPU.ActiveCfg = Release|Any CPU
		{8D3C69EF-3620-4316-BDBD-441578932AEF}.Release|Any CPU.Build.0 = Release|Any CPU
	EndGlobalSection
	GlobalSection(SolutionProperties) = preSolution
		HideSolutionNode = FALSE
	EndGlobalSection
	GlobalSection(ExtensibilityGlobals) = postSolution
		SolutionGuid = {C0E39E03-5CE3-4AF8-ACC0-AB1ED478DC5F}
	EndGlobalSection
EndGlobal
